
Microsoft Visual Studio Solution File, Format Version 12.00
# Visual Studio 15
VisualStudioVersion = 15.0.26730.15
MinimumVisualStudioVersion = 10.0.40219.1
Project("{FAE04EC0-301F-11D3-BF4B-00C04F79EFBC}") = "WpfCoreMvvmApp", "WpfCoreMvvmApp\WpfCoreMvvmApp.csproj", "{A2EBB96F-8DA8-4644-9483-0360575698CD}"
EndProject
Project("{FAE04EC0-301F-11D3-BF4B-00C04F79EFBC}") = "WpfCoreMvvmAppTests", "WpfCoreMvvmAppTests\WpfCoreMvvmAppTests.csproj", "{868A8954-4CE1-49B0-A882-A584EA8A6607}"
EndProject
Global
	GlobalSection(SolutionConfigurationPlatforms) = preSolution
		Debug|Any CPU = Debug|Any CPU
		Release|Any CPU = Release|Any CPU
	EndGlobalSection
	GlobalSection(ProjectConfigurationPlatforms) = postSolution
		{A2EBB96F-8DA8-4644-9483-0360575698CD}.Debug|Any CPU.ActiveCfg = Debug|Any CPU
		{A2EBB96F-8DA8-4644-9483-0360575698CD}.Debug|Any CPU.Build.0 = Debug|Any CPU
		{A2EBB96F-8DA8-4644-9483-0360575698CD}.Release|Any CPU.ActiveCfg = Release|Any CPU
		{A2EBB96F-8DA8-4644-9483-0360575698CD}.Release|Any CPU.Build.0 = Release|Any CPU
		{868A8954-4CE1-49B0-A882-A584EA8A6607}.Debug|Any CPU.ActiveCfg = Debug|Any CPU
		{868A8954-4CE1-49B0-A882-A584EA8A6607}.Debug|Any CPU.Build.0 = Debug|Any CPU
		{868A8954-4CE1-49B0-A882-A584EA8A6607}.Release|Any CPU.ActiveCfg = Release|Any CPU
		{868A8954-4CE1-49B0-A882-A584EA8A6607}.Release|Any CPU.Build.0 = Release|Any CPU
	EndGlobalSection
	GlobalSection(SolutionProperties) = preSolution
		HideSolutionNode = FALSE
	EndGlobalSection
	GlobalSection(ExtensibilityGlobals) = postSolution
		SolutionGuid = {0C26CE3D-50FE-4097-B961-0824265B8CE7}
	EndGlobalSection
EndGlobal
